
Microsoft Visual Studio Solution File, Format Version 12.00
# Visual Studio Version 17
VisualStudioVersion = 17.0.32014.148
MinimumVisualStudioVersion = 10.0.40219.1
Project("{2150E333-8FDC-42A3-9474-1A3956D46DE8}") = "src", "src", "{07084B7C-642F-49BE-B2A4-51719F3131F8}"
EndProject
Project("{9A19103F-16F7-4668-BE54-9A1E7A4F7556}") = "Skywalker.Serialization.Abstractions", "src\Skywalker.Serialization.Abstractions.csproj", "{42A9694B-8ED4-43F2-AA5D-E18891472332}"
EndProject
Global
	GlobalSection(SolutionConfigurationPlatforms) = preSolution
		Debug|Any CPU = Debug|Any CPU
		Release|Any CPU = Release|Any CPU
	EndGlobalSection
	GlobalSection(ProjectConfigurationPlatforms) = postSolution
		{42A9694B-8ED4-43F2-AA5D-E18891472332}.Debug|Any CPU.ActiveCfg = Debug|Any CPU
		{42A9694B-8ED4-43F2-AA5D-E18891472332}.Debug|Any CPU.Build.0 = Debug|Any CPU
		{42A9694B-8ED4-43F2-AA5D-E18891472332}.Release|Any CPU.ActiveCfg = Release|Any CPU
		{42A9694B-8ED4-43F2-AA5D-E18891472332}.Release|Any CPU.Build.0 = Release|Any CPU
	EndGlobalSection
	GlobalSection(SolutionProperties) = preSolution
		HideSolutionNode = FALSE
	EndGlobalSection
	GlobalSection(NestedProjects) = preSolution
		{42A9694B-8ED4-43F2-AA5D-E18891472332} = {07084B7C-642F-49BE-B2A4-51719F3131F8}
	EndGlobalSection
	GlobalSection(ExtensibilityGlobals) = postSolution
		SolutionGuid = {FAE2E927-C4D5-49BC-B77A-1CA4C07DE5B1}
	EndGlobalSection
EndGlobal
