
Microsoft Visual Studio Solution File, Format Version 12.00
# Visual Studio Version 17
VisualStudioVersion = 17.0.32112.339
MinimumVisualStudioVersion = 10.0.40219.1
Project("{2150E333-8FDC-42A3-9474-1A3956D46DE8}") = "src", "src", "{59122727-F08E-4347-B73E-65DE629AAC95}"
EndProject
Project("{9A19103F-16F7-4668-BE54-9A1E7A4F7556}") = "Skywalker.Ddd.Application.Queries.Abstractions", "src\Skywalker.Ddd.Application.Queries.Abstractions.csproj", "{CF136D3C-5A32-4CB0-BBD5-5A47867F46DE}"
EndProject
Project("{9A19103F-16F7-4668-BE54-9A1E7A4F7556}") = "Skywalker.Ddd.Application.Abstractions", "..\Skywalker.Ddd.Application.Abstractions\src\Skywalker.Ddd.Application.Abstractions.csproj", "{2E73BF24-B308-4C75-B279-5A26560730FA}"
EndProject
Global
	GlobalSection(SolutionConfigurationPlatforms) = preSolution
		Debug|Any CPU = Debug|Any CPU
		Release|Any CPU = Release|Any CPU
	EndGlobalSection
	GlobalSection(ProjectConfigurationPlatforms) = postSolution
		{CF136D3C-5A32-4CB0-BBD5-5A47867F46DE}.Debug|Any CPU.ActiveCfg = Debug|Any CPU
		{CF136D3C-5A32-4CB0-BBD5-5A47867F46DE}.Debug|Any CPU.Build.0 = Debug|Any CPU
		{CF136D3C-5A32-4CB0-BBD5-5A47867F46DE}.Release|Any CPU.ActiveCfg = Release|Any CPU
		{CF136D3C-5A32-4CB0-BBD5-5A47867F46DE}.Release|Any CPU.Build.0 = Release|Any CPU
		{2E73BF24-B308-4C75-B279-5A26560730FA}.Debug|Any CPU.ActiveCfg = Debug|Any CPU
		{2E73BF24-B308-4C75-B279-5A26560730FA}.Debug|Any CPU.Build.0 = Debug|Any CPU
		{2E73BF24-B308-4C75-B279-5A26560730FA}.Release|Any CPU.ActiveCfg = Release|Any CPU
		{2E73BF24-B308-4C75-B279-5A26560730FA}.Release|Any CPU.Build.0 = Release|Any CPU
	EndGlobalSection
	GlobalSection(SolutionProperties) = preSolution
		HideSolutionNode = FALSE
	EndGlobalSection
	GlobalSection(NestedProjects) = preSolution
		{CF136D3C-5A32-4CB0-BBD5-5A47867F46DE} = {59122727-F08E-4347-B73E-65DE629AAC95}
		{2E73BF24-B308-4C75-B279-5A26560730FA} = {59122727-F08E-4347-B73E-65DE629AAC95}
	EndGlobalSection
	GlobalSection(ExtensibilityGlobals) = postSolution
		SolutionGuid = {01DAEE5E-D02E-4188-956B-335E636EBC0D}
	EndGlobalSection
EndGlobal
