
Microsoft Visual Studio Solution File, Format Version 12.00
# Visual Studio Version 17
VisualStudioVersion = 17.3.32804.467
MinimumVisualStudioVersion = 10.0.40219.1
Project("{FAE04EC0-301F-11D3-BF4B-00C04F79EFBC}") = "Skywalker.Aspects.Abstractions", "Skywalker.Aspects.Abstractions.csproj", "{7F83DEC2-F3DA-4ACB-9A6A-EDA3B8C26288}"
EndProject
Project("{9A19103F-16F7-4668-BE54-9A1E7A4F7556}") = "Skywalker.Extensions.Universal", "..\Skywalker.Extensions.Universal\src\Skywalker.Extensions.Universal.csproj", "{7934B3BD-3E8D-49CC-9A6D-9983F6D96EC5}"
EndProject
Project("{FAE04EC0-301F-11D3-BF4B-00C04F79EFBC}") = "Skywalker.Aspects", "..\Skywalker.Aspects\Skywalker.Aspects.csproj", "{32B2654E-3D78-4434-B01F-4FE46F4C350D}"
EndProject
Global
	GlobalSection(SolutionConfigurationPlatforms) = preSolution
		Debug|Any CPU = Debug|Any CPU
		Release|Any CPU = Release|Any CPU
	EndGlobalSection
	GlobalSection(ProjectConfigurationPlatforms) = postSolution
		{7F83DEC2-F3DA-4ACB-9A6A-EDA3B8C26288}.Debug|Any CPU.ActiveCfg = Debug|Any CPU
		{7F83DEC2-F3DA-4ACB-9A6A-EDA3B8C26288}.Debug|Any CPU.Build.0 = Debug|Any CPU
		{7F83DEC2-F3DA-4ACB-9A6A-EDA3B8C26288}.Release|Any CPU.ActiveCfg = Release|Any CPU
		{7F83DEC2-F3DA-4ACB-9A6A-EDA3B8C26288}.Release|Any CPU.Build.0 = Release|Any CPU
		{7934B3BD-3E8D-49CC-9A6D-9983F6D96EC5}.Debug|Any CPU.ActiveCfg = Debug|Any CPU
		{7934B3BD-3E8D-49CC-9A6D-9983F6D96EC5}.Debug|Any CPU.Build.0 = Debug|Any CPU
		{7934B3BD-3E8D-49CC-9A6D-9983F6D96EC5}.Release|Any CPU.ActiveCfg = Release|Any CPU
		{7934B3BD-3E8D-49CC-9A6D-9983F6D96EC5}.Release|Any CPU.Build.0 = Release|Any CPU
		{32B2654E-3D78-4434-B01F-4FE46F4C350D}.Debug|Any CPU.ActiveCfg = Debug|Any CPU
		{32B2654E-3D78-4434-B01F-4FE46F4C350D}.Debug|Any CPU.Build.0 = Debug|Any CPU
		{32B2654E-3D78-4434-B01F-4FE46F4C350D}.Release|Any CPU.ActiveCfg = Release|Any CPU
		{32B2654E-3D78-4434-B01F-4FE46F4C350D}.Release|Any CPU.Build.0 = Release|Any CPU
	EndGlobalSection
	GlobalSection(SolutionProperties) = preSolution
		HideSolutionNode = FALSE
	EndGlobalSection
	GlobalSection(ExtensibilityGlobals) = postSolution
		SolutionGuid = {C6874D9E-4315-405A-B808-A0892354E555}
	EndGlobalSection
EndGlobal
