
Microsoft Visual Studio Solution File, Format Version 12.00
# Visual Studio Version 17
VisualStudioVersion = 17.1.32228.430
MinimumVisualStudioVersion = 10.0.40219.1
Project("{2150E333-8FDC-42A3-9474-1A3956D46DE8}") = "src", "src", "{9F5A9736-D1D6-46CA-9589-AA79AACB8DEE}"
EndProject
Project("{9A19103F-16F7-4668-BE54-9A1E7A4F7556}") = "Skywalker.AspNetCore.Security", "src\Skywalker.AspNetCore.Security.csproj", "{CDD48ED1-3B2B-4722-8060-42C31B4754C7}"
EndProject
Project("{9A19103F-16F7-4668-BE54-9A1E7A4F7556}") = "Skywalker.AspNetCore.Security.Abstractions", "..\Skywalker.AspNetCore.Security.Abstractions\src\Skywalker.AspNetCore.Security.Abstractions.csproj", "{DFF77952-99A5-421F-A76F-74D2D997B8C1}"
EndProject
Global
	GlobalSection(SolutionConfigurationPlatforms) = preSolution
		Debug|Any CPU = Debug|Any CPU
		Release|Any CPU = Release|Any CPU
	EndGlobalSection
	GlobalSection(ProjectConfigurationPlatforms) = postSolution
		{CDD48ED1-3B2B-4722-8060-42C31B4754C7}.Debug|Any CPU.ActiveCfg = Debug|Any CPU
		{CDD48ED1-3B2B-4722-8060-42C31B4754C7}.Debug|Any CPU.Build.0 = Debug|Any CPU
		{CDD48ED1-3B2B-4722-8060-42C31B4754C7}.Release|Any CPU.ActiveCfg = Release|Any CPU
		{CDD48ED1-3B2B-4722-8060-42C31B4754C7}.Release|Any CPU.Build.0 = Release|Any CPU
		{DFF77952-99A5-421F-A76F-74D2D997B8C1}.Debug|Any CPU.ActiveCfg = Debug|Any CPU
		{DFF77952-99A5-421F-A76F-74D2D997B8C1}.Debug|Any CPU.Build.0 = Debug|Any CPU
		{DFF77952-99A5-421F-A76F-74D2D997B8C1}.Release|Any CPU.ActiveCfg = Release|Any CPU
		{DFF77952-99A5-421F-A76F-74D2D997B8C1}.Release|Any CPU.Build.0 = Release|Any CPU
	EndGlobalSection
	GlobalSection(SolutionProperties) = preSolution
		HideSolutionNode = FALSE
	EndGlobalSection
	GlobalSection(NestedProjects) = preSolution
		{CDD48ED1-3B2B-4722-8060-42C31B4754C7} = {9F5A9736-D1D6-46CA-9589-AA79AACB8DEE}
		{DFF77952-99A5-421F-A76F-74D2D997B8C1} = {9F5A9736-D1D6-46CA-9589-AA79AACB8DEE}
	EndGlobalSection
	GlobalSection(ExtensibilityGlobals) = postSolution
		SolutionGuid = {323DC5C5-F04E-48E4-B50B-A4B2ECEC6348}
	EndGlobalSection
EndGlobal
