
Microsoft Visual Studio Solution File, Format Version 12.00
# Visual Studio Version 17
VisualStudioVersion = 17.1.32414.318
MinimumVisualStudioVersion = 10.0.40219.1
Project("{2150E333-8FDC-42A3-9474-1A3956D46DE8}") = "src", "src", "{B9B7B121-461E-46E6-A8BE-42BD3DD8997C}"
EndProject
Project("{9A19103F-16F7-4668-BE54-9A1E7A4F7556}") = "Skywalker.Identifier.Snowflake.Redis", "src\Skywalker.Identifier.Snowflake.Redis.csproj", "{E5904AF0-6D09-4293-B871-DBFAE775360D}"
EndProject
Project("{9A19103F-16F7-4668-BE54-9A1E7A4F7556}") = "Skywalker.Identifier.Snowflake", "..\Skywalker.Identifier.Snowflake\src\Skywalker.Identifier.Snowflake.csproj", "{51687CD9-F4CE-4AA4-96D1-9620639E4DE4}"
EndProject
Project("{9A19103F-16F7-4668-BE54-9A1E7A4F7556}") = "Skywalker.Identifier.Abstractions", "..\Skywalker.Identifier.Abstractions\src\Skywalker.Identifier.Abstractions.csproj", "{89E552E4-1302-4B91-B6CB-03F1E1289CA1}"
EndProject
Global
	GlobalSection(SolutionConfigurationPlatforms) = preSolution
		Debug|Any CPU = Debug|Any CPU
		Release|Any CPU = Release|Any CPU
	EndGlobalSection
	GlobalSection(ProjectConfigurationPlatforms) = postSolution
		{E5904AF0-6D09-4293-B871-DBFAE775360D}.Debug|Any CPU.ActiveCfg = Debug|Any CPU
		{E5904AF0-6D09-4293-B871-DBFAE775360D}.Debug|Any CPU.Build.0 = Debug|Any CPU
		{E5904AF0-6D09-4293-B871-DBFAE775360D}.Release|Any CPU.ActiveCfg = Release|Any CPU
		{E5904AF0-6D09-4293-B871-DBFAE775360D}.Release|Any CPU.Build.0 = Release|Any CPU
		{51687CD9-F4CE-4AA4-96D1-9620639E4DE4}.Debug|Any CPU.ActiveCfg = Debug|Any CPU
		{51687CD9-F4CE-4AA4-96D1-9620639E4DE4}.Debug|Any CPU.Build.0 = Debug|Any CPU
		{51687CD9-F4CE-4AA4-96D1-9620639E4DE4}.Release|Any CPU.ActiveCfg = Release|Any CPU
		{51687CD9-F4CE-4AA4-96D1-9620639E4DE4}.Release|Any CPU.Build.0 = Release|Any CPU
		{89E552E4-1302-4B91-B6CB-03F1E1289CA1}.Debug|Any CPU.ActiveCfg = Debug|Any CPU
		{89E552E4-1302-4B91-B6CB-03F1E1289CA1}.Debug|Any CPU.Build.0 = Debug|Any CPU
		{89E552E4-1302-4B91-B6CB-03F1E1289CA1}.Release|Any CPU.ActiveCfg = Release|Any CPU
		{89E552E4-1302-4B91-B6CB-03F1E1289CA1}.Release|Any CPU.Build.0 = Release|Any CPU
	EndGlobalSection
	GlobalSection(SolutionProperties) = preSolution
		HideSolutionNode = FALSE
	EndGlobalSection
	GlobalSection(NestedProjects) = preSolution
		{E5904AF0-6D09-4293-B871-DBFAE775360D} = {B9B7B121-461E-46E6-A8BE-42BD3DD8997C}
		{51687CD9-F4CE-4AA4-96D1-9620639E4DE4} = {B9B7B121-461E-46E6-A8BE-42BD3DD8997C}
		{89E552E4-1302-4B91-B6CB-03F1E1289CA1} = {B9B7B121-461E-46E6-A8BE-42BD3DD8997C}
	EndGlobalSection
	GlobalSection(ExtensibilityGlobals) = postSolution
		SolutionGuid = {7A2FEA1B-0FC5-4BE6-9A76-89E7C8FCB154}
	EndGlobalSection
EndGlobal
