
Microsoft Visual Studio Solution File, Format Version 12.00
# Visual Studio Version 17
VisualStudioVersion = 17.0.32112.339
MinimumVisualStudioVersion = 10.0.40219.1
Project("{2150E333-8FDC-42A3-9474-1A3956D46DE8}") = "src", "src", "{BC79A5F6-147D-4297-B7E1-976259536B39}"
EndProject
Project("{9A19103F-16F7-4668-BE54-9A1E7A4F7556}") = "Skywalker.Security.Abstractions", "..\Skywalker.Security.Abstractions\src\Skywalker.Security.Abstractions.csproj", "{4F8501C9-86CB-436E-89C9-FCABE15576BD}"
EndProject
Project("{9A19103F-16F7-4668-BE54-9A1E7A4F7556}") = "Skywalker.Extensions.Universal", "..\Skywalker.Extensions.Universal\src\Skywalker.Extensions.Universal.csproj", "{4FA87929-86FC-4761-AB8C-787390C80A43}"
EndProject
Project("{9A19103F-16F7-4668-BE54-9A1E7A4F7556}") = "Skywalker.Extensions.SimpleStateChecking", "..\Skywalker.Extensions.SimpleStateChecking\src\Skywalker.Extensions.SimpleStateChecking.csproj", "{3BC12106-5A91-4F6F-92A8-082D7114C13C}"
EndProject
Project("{9A19103F-16F7-4668-BE54-9A1E7A4F7556}") = "Skywalker.Extensions.DependencyInjection.Abstractions", "..\Skywalker.Extensions.DependencyInjection.Abstractions\src\Skywalker.Extensions.DependencyInjection.Abstractions.csproj", "{0B6D5C69-5906-491F-AD3E-07E361B3547A}"
EndProject
Project("{9A19103F-16F7-4668-BE54-9A1E7A4F7556}") = "Skywalker.Permissions.Abstractions", "src\Skywalker.Permissions.Abstractions.csproj", "{24B37811-C6B4-4A21-A63D-B0876EA54A62}"
EndProject
Global
	GlobalSection(SolutionConfigurationPlatforms) = preSolution
		Debug|Any CPU = Debug|Any CPU
		Release|Any CPU = Release|Any CPU
	EndGlobalSection
	GlobalSection(ProjectConfigurationPlatforms) = postSolution
		{4F8501C9-86CB-436E-89C9-FCABE15576BD}.Debug|Any CPU.ActiveCfg = Debug|Any CPU
		{4F8501C9-86CB-436E-89C9-FCABE15576BD}.Debug|Any CPU.Build.0 = Debug|Any CPU
		{4F8501C9-86CB-436E-89C9-FCABE15576BD}.Release|Any CPU.ActiveCfg = Release|Any CPU
		{4F8501C9-86CB-436E-89C9-FCABE15576BD}.Release|Any CPU.Build.0 = Release|Any CPU
		{4FA87929-86FC-4761-AB8C-787390C80A43}.Debug|Any CPU.ActiveCfg = Debug|Any CPU
		{4FA87929-86FC-4761-AB8C-787390C80A43}.Debug|Any CPU.Build.0 = Debug|Any CPU
		{4FA87929-86FC-4761-AB8C-787390C80A43}.Release|Any CPU.ActiveCfg = Release|Any CPU
		{4FA87929-86FC-4761-AB8C-787390C80A43}.Release|Any CPU.Build.0 = Release|Any CPU
		{3BC12106-5A91-4F6F-92A8-082D7114C13C}.Debug|Any CPU.ActiveCfg = Debug|Any CPU
		{3BC12106-5A91-4F6F-92A8-082D7114C13C}.Debug|Any CPU.Build.0 = Debug|Any CPU
		{3BC12106-5A91-4F6F-92A8-082D7114C13C}.Release|Any CPU.ActiveCfg = Release|Any CPU
		{3BC12106-5A91-4F6F-92A8-082D7114C13C}.Release|Any CPU.Build.0 = Release|Any CPU
		{0B6D5C69-5906-491F-AD3E-07E361B3547A}.Debug|Any CPU.ActiveCfg = Debug|Any CPU
		{0B6D5C69-5906-491F-AD3E-07E361B3547A}.Debug|Any CPU.Build.0 = Debug|Any CPU
		{0B6D5C69-5906-491F-AD3E-07E361B3547A}.Release|Any CPU.ActiveCfg = Release|Any CPU
		{0B6D5C69-5906-491F-AD3E-07E361B3547A}.Release|Any CPU.Build.0 = Release|Any CPU
		{24B37811-C6B4-4A21-A63D-B0876EA54A62}.Debug|Any CPU.ActiveCfg = Debug|Any CPU
		{24B37811-C6B4-4A21-A63D-B0876EA54A62}.Debug|Any CPU.Build.0 = Debug|Any CPU
		{24B37811-C6B4-4A21-A63D-B0876EA54A62}.Release|Any CPU.ActiveCfg = Release|Any CPU
		{24B37811-C6B4-4A21-A63D-B0876EA54A62}.Release|Any CPU.Build.0 = Release|Any CPU
	EndGlobalSection
	GlobalSection(SolutionProperties) = preSolution
		HideSolutionNode = FALSE
	EndGlobalSection
	GlobalSection(NestedProjects) = preSolution
		{4F8501C9-86CB-436E-89C9-FCABE15576BD} = {BC79A5F6-147D-4297-B7E1-976259536B39}
		{4FA87929-86FC-4761-AB8C-787390C80A43} = {BC79A5F6-147D-4297-B7E1-976259536B39}
		{3BC12106-5A91-4F6F-92A8-082D7114C13C} = {BC79A5F6-147D-4297-B7E1-976259536B39}
		{0B6D5C69-5906-491F-AD3E-07E361B3547A} = {BC79A5F6-147D-4297-B7E1-976259536B39}
		{24B37811-C6B4-4A21-A63D-B0876EA54A62} = {BC79A5F6-147D-4297-B7E1-976259536B39}
	EndGlobalSection
	GlobalSection(ExtensibilityGlobals) = postSolution
		SolutionGuid = {AB02932F-43E8-4A1C-878A-2303E861210E}
	EndGlobalSection
EndGlobal
