
Microsoft Visual Studio Solution File, Format Version 12.00
# Visual Studio Version 17
VisualStudioVersion = 17.3.32804.467
MinimumVisualStudioVersion = 10.0.40219.1
Project("{2150E333-8FDC-42A3-9474-1A3956D46DE8}") = "src", "src", "{4266F846-DC05-4457-820F-C826ADBB0F6E}"
EndProject
Project("{9A19103F-16F7-4668-BE54-9A1E7A4F7556}") = "Skywalker.FodyProxy", "src\Skywalker.FodyProxy.csproj", "{8336DC2C-30F2-4942-8F49-876CDA48C416}"
EndProject
Project("{9A19103F-16F7-4668-BE54-9A1E7A4F7556}") = "Skywalker.FodyProxy.Abstractions", "..\Skywalker.FodyProxy.Abstractions\src\Skywalker.FodyProxy.Abstractions.csproj", "{8D0CC6BE-643F-4A06-8F8D-EA6E583942CB}"
EndProject
Project("{2150E333-8FDC-42A3-9474-1A3956D46DE8}") = "tests", "tests", "{2C3A7261-FC7F-4D2A-930F-9D3289ADFFEB}"
EndProject
Project("{2150E333-8FDC-42A3-9474-1A3956D46DE8}") = "simples", "simples", "{81E253AB-F05B-4A86-A49B-E6C013FF4ED4}"
EndProject
Project("{FAE04EC0-301F-11D3-BF4B-00C04F79EFBC}") = "Skywalker.FodyProxy.Simple", "simples\Skywalker.FodyProxy.Simple\Skywalker.FodyProxy.Simple.csproj", "{AB0522DC-45A4-4F45-AE3D-A03BDA1602E5}"
EndProject
Project("{FAE04EC0-301F-11D3-BF4B-00C04F79EFBC}") = "Skywalker.FodyProxy.Tests", "tests\Skywalker.FodyProxy.Tests\Skywalker.FodyProxy.Tests.csproj", "{59813D89-A64C-4AAC-90E1-866CD0DC56E4}"
EndProject
Project("{FAE04EC0-301F-11D3-BF4B-00C04F79EFBC}") = "BasicUsage", "tests\BasicUsage\BasicUsage.csproj", "{E7ECA40B-2DEF-4D4A-A267-30C05395B4D9}"
EndProject
Global
	GlobalSection(SolutionConfigurationPlatforms) = preSolution
		Debug|Any CPU = Debug|Any CPU
		Release|Any CPU = Release|Any CPU
	EndGlobalSection
	GlobalSection(ProjectConfigurationPlatforms) = postSolution
		{8336DC2C-30F2-4942-8F49-876CDA48C416}.Debug|Any CPU.ActiveCfg = Debug|Any CPU
		{8336DC2C-30F2-4942-8F49-876CDA48C416}.Debug|Any CPU.Build.0 = Debug|Any CPU
		{8336DC2C-30F2-4942-8F49-876CDA48C416}.Release|Any CPU.ActiveCfg = Release|Any CPU
		{8336DC2C-30F2-4942-8F49-876CDA48C416}.Release|Any CPU.Build.0 = Release|Any CPU
		{8D0CC6BE-643F-4A06-8F8D-EA6E583942CB}.Debug|Any CPU.ActiveCfg = Debug|Any CPU
		{8D0CC6BE-643F-4A06-8F8D-EA6E583942CB}.Debug|Any CPU.Build.0 = Debug|Any CPU
		{8D0CC6BE-643F-4A06-8F8D-EA6E583942CB}.Release|Any CPU.ActiveCfg = Release|Any CPU
		{8D0CC6BE-643F-4A06-8F8D-EA6E583942CB}.Release|Any CPU.Build.0 = Release|Any CPU
		{AB0522DC-45A4-4F45-AE3D-A03BDA1602E5}.Debug|Any CPU.ActiveCfg = Debug|Any CPU
		{AB0522DC-45A4-4F45-AE3D-A03BDA1602E5}.Debug|Any CPU.Build.0 = Debug|Any CPU
		{AB0522DC-45A4-4F45-AE3D-A03BDA1602E5}.Release|Any CPU.ActiveCfg = Release|Any CPU
		{AB0522DC-45A4-4F45-AE3D-A03BDA1602E5}.Release|Any CPU.Build.0 = Release|Any CPU
		{59813D89-A64C-4AAC-90E1-866CD0DC56E4}.Debug|Any CPU.ActiveCfg = Debug|Any CPU
		{59813D89-A64C-4AAC-90E1-866CD0DC56E4}.Debug|Any CPU.Build.0 = Debug|Any CPU
		{59813D89-A64C-4AAC-90E1-866CD0DC56E4}.Release|Any CPU.ActiveCfg = Release|Any CPU
		{59813D89-A64C-4AAC-90E1-866CD0DC56E4}.Release|Any CPU.Build.0 = Release|Any CPU
		{E7ECA40B-2DEF-4D4A-A267-30C05395B4D9}.Debug|Any CPU.ActiveCfg = Debug|Any CPU
		{E7ECA40B-2DEF-4D4A-A267-30C05395B4D9}.Debug|Any CPU.Build.0 = Debug|Any CPU
		{E7ECA40B-2DEF-4D4A-A267-30C05395B4D9}.Release|Any CPU.ActiveCfg = Release|Any CPU
		{E7ECA40B-2DEF-4D4A-A267-30C05395B4D9}.Release|Any CPU.Build.0 = Release|Any CPU
	EndGlobalSection
	GlobalSection(SolutionProperties) = preSolution
		HideSolutionNode = FALSE
	EndGlobalSection
	GlobalSection(NestedProjects) = preSolution
		{8336DC2C-30F2-4942-8F49-876CDA48C416} = {4266F846-DC05-4457-820F-C826ADBB0F6E}
		{8D0CC6BE-643F-4A06-8F8D-EA6E583942CB} = {4266F846-DC05-4457-820F-C826ADBB0F6E}
		{AB0522DC-45A4-4F45-AE3D-A03BDA1602E5} = {81E253AB-F05B-4A86-A49B-E6C013FF4ED4}
		{59813D89-A64C-4AAC-90E1-866CD0DC56E4} = {2C3A7261-FC7F-4D2A-930F-9D3289ADFFEB}
		{E7ECA40B-2DEF-4D4A-A267-30C05395B4D9} = {2C3A7261-FC7F-4D2A-930F-9D3289ADFFEB}
	EndGlobalSection
	GlobalSection(ExtensibilityGlobals) = postSolution
		SolutionGuid = {D33583D1-5EDF-4E72-AD98-CC9E113192C3}
	EndGlobalSection
EndGlobal
