
Microsoft Visual Studio Solution File, Format Version 12.00
# Visual Studio Version 17
VisualStudioVersion = 17.0.31919.166
MinimumVisualStudioVersion = 10.0.40219.1
Project("{9A19103F-16F7-4668-BE54-9A1E7A4F7556}") = "Skywalker.Extensions.Universal", "src\Skywalker.Extensions.Universal.csproj", "{F1FF8C3B-7A85-475F-A255-BB806F49C57B}"
EndProject
Project("{2150E333-8FDC-42A3-9474-1A3956D46DE8}") = "src", "src", "{7D6CE1A2-B396-4594-B72B-21627BC8E513}"
EndProject
Global
	GlobalSection(SolutionConfigurationPlatforms) = preSolution
		Debug|Any CPU = Debug|Any CPU
		Release|Any CPU = Release|Any CPU
	EndGlobalSection
	GlobalSection(ProjectConfigurationPlatforms) = postSolution
		{F1FF8C3B-7A85-475F-A255-BB806F49C57B}.Debug|Any CPU.ActiveCfg = Debug|Any CPU
		{F1FF8C3B-7A85-475F-A255-BB806F49C57B}.Debug|Any CPU.Build.0 = Debug|Any CPU
		{F1FF8C3B-7A85-475F-A255-BB806F49C57B}.Release|Any CPU.ActiveCfg = Release|Any CPU
		{F1FF8C3B-7A85-475F-A255-BB806F49C57B}.Release|Any CPU.Build.0 = Release|Any CPU
	EndGlobalSection
	GlobalSection(SolutionProperties) = preSolution
		HideSolutionNode = FALSE
	EndGlobalSection
	GlobalSection(NestedProjects) = preSolution
		{F1FF8C3B-7A85-475F-A255-BB806F49C57B} = {7D6CE1A2-B396-4594-B72B-21627BC8E513}
	EndGlobalSection
	GlobalSection(ExtensibilityGlobals) = postSolution
		SolutionGuid = {C9018BA3-29A7-4456-8EFA-6FFB782AA3BD}
	EndGlobalSection
EndGlobal
