
Microsoft Visual Studio Solution File, Format Version 12.00
# Visual Studio Version 17
VisualStudioVersion = 17.0.31919.166
MinimumVisualStudioVersion = 10.0.40219.1
Project("{9A19103F-16F7-4668-BE54-9A1E7A4F7556}") = "Skywalker.Ddd.EntityFrameworkCore", "src\Skywalker.Ddd.EntityFrameworkCore.csproj", "{B014DC2C-A6A1-4739-9EB1-F39E2D1F30ED}"
EndProject
Project("{9A19103F-16F7-4668-BE54-9A1E7A4F7556}") = "Skywalker.Ddd.Domain.Abstractions", "..\Skywalker.Ddd.Domain.Abstractions\src\Skywalker.Ddd.Domain.Abstractions.csproj", "{800F7F01-CC0F-48F0-A978-FFD8F269E9D8}"
EndProject
Project("{9A19103F-16F7-4668-BE54-9A1E7A4F7556}") = "Skywalker.EventBus.Abstractions", "..\Skywalker.EventBus.Abstractions\src\Skywalker.EventBus.Abstractions.csproj", "{F146C9EA-BF60-4D1F-9828-3EB9B41F28FE}"
EndProject
Project("{9A19103F-16F7-4668-BE54-9A1E7A4F7556}") = "Skywalker.Extensions.Universal", "..\Skywalker.Extensions.Universal\src\Skywalker.Extensions.Universal.csproj", "{3497FAE0-1183-453E-A84C-45A82791BB9F}"
EndProject
Project("{2150E333-8FDC-42A3-9474-1A3956D46DE8}") = "src", "src", "{B85045AC-C36D-4F83-AB31-7043617E5ADF}"
EndProject
Project("{2150E333-8FDC-42A3-9474-1A3956D46DE8}") = "tests", "tests", "{3EC84C2D-1266-4B2F-B72C-E26897E90D73}"
EndProject
Project("{2150E333-8FDC-42A3-9474-1A3956D46DE8}") = "gen", "gen", "{C2B92A11-C386-4403-AAC4-1DF4EE314BC7}"
EndProject
Project("{9A19103F-16F7-4668-BE54-9A1E7A4F7556}") = "Skywalker.Ddd.EntityFrameworkCore.Generators.Roslyn4.0", "gen\Skywalker.Ddd.EntityFrameworkCore.Generators.Roslyn4.0.csproj", "{485433D0-F5F5-4848-9B85-2D8FD82F0405}"
EndProject
Project("{9A19103F-16F7-4668-BE54-9A1E7A4F7556}") = "Skywalker.Ddd.EntityFrameworkCore.Generators.Roslyn3.11", "gen\Skywalker.Ddd.EntityFrameworkCore.Generators.Roslyn3.11.csproj", "{9CB68F89-A02B-429B-85C9-030A2361763D}"
EndProject
Project("{9A19103F-16F7-4668-BE54-9A1E7A4F7556}") = "Skywalker.Ddd.EntityFrameworkCore.MySQL", "..\Skywalker.Ddd.EntityFrameworkCore.MySQL\src\Skywalker.Ddd.EntityFrameworkCore.MySQL.csproj", "{26912659-11B8-4AC0-8AB3-44151E9B2C54}"
EndProject
Project("{9A19103F-16F7-4668-BE54-9A1E7A4F7556}") = "Skywalker.Extensions.DependencyInjection.Abstractions", "..\Skywalker.Extensions.DependencyInjection.Abstractions\src\Skywalker.Extensions.DependencyInjection.Abstractions.csproj", "{CFC2CF40-CE25-4766-BB09-ED14662B6ED6}"
EndProject
Project("{9A19103F-16F7-4668-BE54-9A1E7A4F7556}") = "Skywalker.Identifier.Abstractions", "..\Skywalker.Identifier.Abstractions\src\Skywalker.Identifier.Abstractions.csproj", "{AF27CAE8-C5C2-439A-A945-4F559DC8AA4F}"
EndProject
Project("{9A19103F-16F7-4668-BE54-9A1E7A4F7556}") = "Skywalker.Extensions.Timezone", "..\Skywalker.Extensions.Timezone\src\Skywalker.Extensions.Timezone.csproj", "{24570ADB-9EAD-47E7-B9B6-037C8DB9A195}"
EndProject
Project("{9A19103F-16F7-4668-BE54-9A1E7A4F7556}") = "Skywalker.FodyProxy", "..\Skywalker.FodyProxy\src\Skywalker.FodyProxy.csproj", "{D45C06E6-D3CF-4CCC-84D9-8F036BD6C6EE}"
EndProject
Project("{9A19103F-16F7-4668-BE54-9A1E7A4F7556}") = "Skywalker.FodyProxy.Abstractions", "..\Skywalker.FodyProxy.Abstractions\src\Skywalker.FodyProxy.Abstractions.csproj", "{619C8ACA-9B89-4F3F-9442-973605FC4903}"
EndProject
Global
	GlobalSection(SolutionConfigurationPlatforms) = preSolution
		Debug|Any CPU = Debug|Any CPU
		Release|Any CPU = Release|Any CPU
	EndGlobalSection
	GlobalSection(ProjectConfigurationPlatforms) = postSolution
		{B014DC2C-A6A1-4739-9EB1-F39E2D1F30ED}.Debug|Any CPU.ActiveCfg = Debug|Any CPU
		{B014DC2C-A6A1-4739-9EB1-F39E2D1F30ED}.Debug|Any CPU.Build.0 = Debug|Any CPU
		{B014DC2C-A6A1-4739-9EB1-F39E2D1F30ED}.Release|Any CPU.ActiveCfg = Release|Any CPU
		{B014DC2C-A6A1-4739-9EB1-F39E2D1F30ED}.Release|Any CPU.Build.0 = Release|Any CPU
		{800F7F01-CC0F-48F0-A978-FFD8F269E9D8}.Debug|Any CPU.ActiveCfg = Debug|Any CPU
		{800F7F01-CC0F-48F0-A978-FFD8F269E9D8}.Debug|Any CPU.Build.0 = Debug|Any CPU
		{800F7F01-CC0F-48F0-A978-FFD8F269E9D8}.Release|Any CPU.ActiveCfg = Release|Any CPU
		{800F7F01-CC0F-48F0-A978-FFD8F269E9D8}.Release|Any CPU.Build.0 = Release|Any CPU
		{F146C9EA-BF60-4D1F-9828-3EB9B41F28FE}.Debug|Any CPU.ActiveCfg = Debug|Any CPU
		{F146C9EA-BF60-4D1F-9828-3EB9B41F28FE}.Debug|Any CPU.Build.0 = Debug|Any CPU
		{F146C9EA-BF60-4D1F-9828-3EB9B41F28FE}.Release|Any CPU.ActiveCfg = Release|Any CPU
		{F146C9EA-BF60-4D1F-9828-3EB9B41F28FE}.Release|Any CPU.Build.0 = Release|Any CPU
		{3497FAE0-1183-453E-A84C-45A82791BB9F}.Debug|Any CPU.ActiveCfg = Debug|Any CPU
		{3497FAE0-1183-453E-A84C-45A82791BB9F}.Debug|Any CPU.Build.0 = Debug|Any CPU
		{3497FAE0-1183-453E-A84C-45A82791BB9F}.Release|Any CPU.ActiveCfg = Release|Any CPU
		{3497FAE0-1183-453E-A84C-45A82791BB9F}.Release|Any CPU.Build.0 = Release|Any CPU
		{485433D0-F5F5-4848-9B85-2D8FD82F0405}.Debug|Any CPU.ActiveCfg = Debug|Any CPU
		{485433D0-F5F5-4848-9B85-2D8FD82F0405}.Debug|Any CPU.Build.0 = Debug|Any CPU
		{485433D0-F5F5-4848-9B85-2D8FD82F0405}.Release|Any CPU.ActiveCfg = Release|Any CPU
		{485433D0-F5F5-4848-9B85-2D8FD82F0405}.Release|Any CPU.Build.0 = Release|Any CPU
		{9CB68F89-A02B-429B-85C9-030A2361763D}.Debug|Any CPU.ActiveCfg = Debug|Any CPU
		{9CB68F89-A02B-429B-85C9-030A2361763D}.Debug|Any CPU.Build.0 = Debug|Any CPU
		{9CB68F89-A02B-429B-85C9-030A2361763D}.Release|Any CPU.ActiveCfg = Release|Any CPU
		{9CB68F89-A02B-429B-85C9-030A2361763D}.Release|Any CPU.Build.0 = Release|Any CPU
		{26912659-11B8-4AC0-8AB3-44151E9B2C54}.Debug|Any CPU.ActiveCfg = Debug|Any CPU
		{26912659-11B8-4AC0-8AB3-44151E9B2C54}.Debug|Any CPU.Build.0 = Debug|Any CPU
		{26912659-11B8-4AC0-8AB3-44151E9B2C54}.Release|Any CPU.ActiveCfg = Release|Any CPU
		{26912659-11B8-4AC0-8AB3-44151E9B2C54}.Release|Any CPU.Build.0 = Release|Any CPU
		{CFC2CF40-CE25-4766-BB09-ED14662B6ED6}.Debug|Any CPU.ActiveCfg = Debug|Any CPU
		{CFC2CF40-CE25-4766-BB09-ED14662B6ED6}.Debug|Any CPU.Build.0 = Debug|Any CPU
		{CFC2CF40-CE25-4766-BB09-ED14662B6ED6}.Release|Any CPU.ActiveCfg = Release|Any CPU
		{CFC2CF40-CE25-4766-BB09-ED14662B6ED6}.Release|Any CPU.Build.0 = Release|Any CPU
		{AF27CAE8-C5C2-439A-A945-4F559DC8AA4F}.Debug|Any CPU.ActiveCfg = Debug|Any CPU
		{AF27CAE8-C5C2-439A-A945-4F559DC8AA4F}.Debug|Any CPU.Build.0 = Debug|Any CPU
		{AF27CAE8-C5C2-439A-A945-4F559DC8AA4F}.Release|Any CPU.ActiveCfg = Release|Any CPU
		{AF27CAE8-C5C2-439A-A945-4F559DC8AA4F}.Release|Any CPU.Build.0 = Release|Any CPU
		{24570ADB-9EAD-47E7-B9B6-037C8DB9A195}.Debug|Any CPU.ActiveCfg = Debug|Any CPU
		{24570ADB-9EAD-47E7-B9B6-037C8DB9A195}.Debug|Any CPU.Build.0 = Debug|Any CPU
		{24570ADB-9EAD-47E7-B9B6-037C8DB9A195}.Release|Any CPU.ActiveCfg = Release|Any CPU
		{24570ADB-9EAD-47E7-B9B6-037C8DB9A195}.Release|Any CPU.Build.0 = Release|Any CPU
		{D45C06E6-D3CF-4CCC-84D9-8F036BD6C6EE}.Debug|Any CPU.ActiveCfg = Debug|Any CPU
		{D45C06E6-D3CF-4CCC-84D9-8F036BD6C6EE}.Debug|Any CPU.Build.0 = Debug|Any CPU
		{D45C06E6-D3CF-4CCC-84D9-8F036BD6C6EE}.Release|Any CPU.ActiveCfg = Release|Any CPU
		{D45C06E6-D3CF-4CCC-84D9-8F036BD6C6EE}.Release|Any CPU.Build.0 = Release|Any CPU
		{619C8ACA-9B89-4F3F-9442-973605FC4903}.Debug|Any CPU.ActiveCfg = Debug|Any CPU
		{619C8ACA-9B89-4F3F-9442-973605FC4903}.Debug|Any CPU.Build.0 = Debug|Any CPU
		{619C8ACA-9B89-4F3F-9442-973605FC4903}.Release|Any CPU.ActiveCfg = Release|Any CPU
		{619C8ACA-9B89-4F3F-9442-973605FC4903}.Release|Any CPU.Build.0 = Release|Any CPU
	EndGlobalSection
	GlobalSection(SolutionProperties) = preSolution
		HideSolutionNode = FALSE
	EndGlobalSection
	GlobalSection(NestedProjects) = preSolution
		{B014DC2C-A6A1-4739-9EB1-F39E2D1F30ED} = {B85045AC-C36D-4F83-AB31-7043617E5ADF}
		{800F7F01-CC0F-48F0-A978-FFD8F269E9D8} = {B85045AC-C36D-4F83-AB31-7043617E5ADF}
		{F146C9EA-BF60-4D1F-9828-3EB9B41F28FE} = {B85045AC-C36D-4F83-AB31-7043617E5ADF}
		{3497FAE0-1183-453E-A84C-45A82791BB9F} = {B85045AC-C36D-4F83-AB31-7043617E5ADF}
		{485433D0-F5F5-4848-9B85-2D8FD82F0405} = {C2B92A11-C386-4403-AAC4-1DF4EE314BC7}
		{9CB68F89-A02B-429B-85C9-030A2361763D} = {C2B92A11-C386-4403-AAC4-1DF4EE314BC7}
		{26912659-11B8-4AC0-8AB3-44151E9B2C54} = {B85045AC-C36D-4F83-AB31-7043617E5ADF}
		{CFC2CF40-CE25-4766-BB09-ED14662B6ED6} = {B85045AC-C36D-4F83-AB31-7043617E5ADF}
		{AF27CAE8-C5C2-439A-A945-4F559DC8AA4F} = {B85045AC-C36D-4F83-AB31-7043617E5ADF}
		{24570ADB-9EAD-47E7-B9B6-037C8DB9A195} = {B85045AC-C36D-4F83-AB31-7043617E5ADF}
		{D45C06E6-D3CF-4CCC-84D9-8F036BD6C6EE} = {B85045AC-C36D-4F83-AB31-7043617E5ADF}
		{619C8ACA-9B89-4F3F-9442-973605FC4903} = {B85045AC-C36D-4F83-AB31-7043617E5ADF}
	EndGlobalSection
	GlobalSection(ExtensibilityGlobals) = postSolution
		SolutionGuid = {BBFA199B-AFD2-4E05-B3C5-8C1B3FBD5F9A}
	EndGlobalSection
EndGlobal
