
Microsoft Visual Studio Solution File, Format Version 12.00
# Visual Studio Version 17
VisualStudioVersion = 17.0.32014.148
MinimumVisualStudioVersion = 10.0.40219.1
Project("{2150E333-8FDC-42A3-9474-1A3956D46DE8}") = "src", "src", "{665E1D4E-E795-47AF-88E5-636994885E0A}"
EndProject
Project("{9A19103F-16F7-4668-BE54-9A1E7A4F7556}") = "Skywalker.Serialization.MessagePack", "src\Skywalker.Serialization.MessagePack.csproj", "{45B08CDB-CA44-46B9-A349-040CB5E0945F}"
EndProject
Project("{9A19103F-16F7-4668-BE54-9A1E7A4F7556}") = "Skywalker.Extensions.Universal", "..\Skywalker.Extensions.Universal\src\Skywalker.Extensions.Universal.csproj", "{3452C928-2F84-418C-81B4-426EE3FAB7CB}"
EndProject
Global
	GlobalSection(SolutionConfigurationPlatforms) = preSolution
		Debug|Any CPU = Debug|Any CPU
		Release|Any CPU = Release|Any CPU
	EndGlobalSection
	GlobalSection(ProjectConfigurationPlatforms) = postSolution
		{45B08CDB-CA44-46B9-A349-040CB5E0945F}.Debug|Any CPU.ActiveCfg = Debug|Any CPU
		{45B08CDB-CA44-46B9-A349-040CB5E0945F}.Debug|Any CPU.Build.0 = Debug|Any CPU
		{45B08CDB-CA44-46B9-A349-040CB5E0945F}.Release|Any CPU.ActiveCfg = Release|Any CPU
		{45B08CDB-CA44-46B9-A349-040CB5E0945F}.Release|Any CPU.Build.0 = Release|Any CPU
		{3452C928-2F84-418C-81B4-426EE3FAB7CB}.Debug|Any CPU.ActiveCfg = Debug|Any CPU
		{3452C928-2F84-418C-81B4-426EE3FAB7CB}.Debug|Any CPU.Build.0 = Debug|Any CPU
		{3452C928-2F84-418C-81B4-426EE3FAB7CB}.Release|Any CPU.ActiveCfg = Release|Any CPU
		{3452C928-2F84-418C-81B4-426EE3FAB7CB}.Release|Any CPU.Build.0 = Release|Any CPU
	EndGlobalSection
	GlobalSection(SolutionProperties) = preSolution
		HideSolutionNode = FALSE
	EndGlobalSection
	GlobalSection(NestedProjects) = preSolution
		{45B08CDB-CA44-46B9-A349-040CB5E0945F} = {665E1D4E-E795-47AF-88E5-636994885E0A}
		{3452C928-2F84-418C-81B4-426EE3FAB7CB} = {665E1D4E-E795-47AF-88E5-636994885E0A}
	EndGlobalSection
	GlobalSection(ExtensibilityGlobals) = postSolution
		SolutionGuid = {E5420938-997A-405F-A7D4-69AE2A402833}
	EndGlobalSection
EndGlobal
