
Microsoft Visual Studio Solution File, Format Version 12.00
# Visual Studio Version 17
VisualStudioVersion = 17.0.32112.339
MinimumVisualStudioVersion = 10.0.40219.1
Project("{9A19103F-16F7-4668-BE54-9A1E7A4F7556}") = "Skywalker.Extensions.DependencyInjection", "src\Skywalker.Extensions.DependencyInjection.csproj", "{19175BB7-219B-43FC-B209-D74EAD693D8D}"
EndProject
Project("{2150E333-8FDC-42A3-9474-1A3956D46DE8}") = "src", "src", "{3CF49DEC-B448-4798-B3DA-D9D2B8BC8A21}"
EndProject
Project("{2150E333-8FDC-42A3-9474-1A3956D46DE8}") = "tests", "tests", "{5B1E1C2C-0FD9-4594-921A-DF8CD1B16006}"
EndProject
Project("{9A19103F-16F7-4668-BE54-9A1E7A4F7556}") = "Skywalker.Extensions.DependencyInjection.Abstractions", "..\Skywalker.Extensions.DependencyInjection.Abstractions\src\Skywalker.Extensions.DependencyInjection.Abstractions.csproj", "{37B07747-2B2D-41EA-AE68-2F5EDE14EEF3}"
EndProject
Project("{2150E333-8FDC-42A3-9474-1A3956D46DE8}") = "gen", "gen", "{9E740870-2450-4C6F-B86C-448CE6AD9BC8}"
EndProject
Global
	GlobalSection(SolutionConfigurationPlatforms) = preSolution
		Debug|Any CPU = Debug|Any CPU
		Release|Any CPU = Release|Any CPU
	EndGlobalSection
	GlobalSection(ProjectConfigurationPlatforms) = postSolution
		{19175BB7-219B-43FC-B209-D74EAD693D8D}.Debug|Any CPU.ActiveCfg = Debug|Any CPU
		{19175BB7-219B-43FC-B209-D74EAD693D8D}.Debug|Any CPU.Build.0 = Debug|Any CPU
		{19175BB7-219B-43FC-B209-D74EAD693D8D}.Release|Any CPU.ActiveCfg = Release|Any CPU
		{19175BB7-219B-43FC-B209-D74EAD693D8D}.Release|Any CPU.Build.0 = Release|Any CPU
		{37B07747-2B2D-41EA-AE68-2F5EDE14EEF3}.Debug|Any CPU.ActiveCfg = Debug|Any CPU
		{37B07747-2B2D-41EA-AE68-2F5EDE14EEF3}.Debug|Any CPU.Build.0 = Debug|Any CPU
		{37B07747-2B2D-41EA-AE68-2F5EDE14EEF3}.Release|Any CPU.ActiveCfg = Release|Any CPU
		{37B07747-2B2D-41EA-AE68-2F5EDE14EEF3}.Release|Any CPU.Build.0 = Release|Any CPU
	EndGlobalSection
	GlobalSection(SolutionProperties) = preSolution
		HideSolutionNode = FALSE
	EndGlobalSection
	GlobalSection(NestedProjects) = preSolution
		{19175BB7-219B-43FC-B209-D74EAD693D8D} = {3CF49DEC-B448-4798-B3DA-D9D2B8BC8A21}
		{37B07747-2B2D-41EA-AE68-2F5EDE14EEF3} = {3CF49DEC-B448-4798-B3DA-D9D2B8BC8A21}
	EndGlobalSection
	GlobalSection(ExtensibilityGlobals) = postSolution
		SolutionGuid = {2F3A6103-63F8-4568-91F1-68B842580F93}
	EndGlobalSection
EndGlobal
