
Microsoft Visual Studio Solution File, Format Version 12.00
# Visual Studio Version 17
VisualStudioVersion = 17.0.31919.166
MinimumVisualStudioVersion = 10.0.40219.1
Project("{9A19103F-16F7-4668-BE54-9A1E7A4F7556}") = "Skywalker.Ddd.Application.Abstractions", "src\Skywalker.Ddd.Application.Abstractions.csproj", "{A23145A4-FDB7-44C3-8A92-819A1AB3AD6F}"
EndProject
Project("{2150E333-8FDC-42A3-9474-1A3956D46DE8}") = "src", "src", "{1ADE9375-588C-47A7-8A4F-2340C0275AC7}"
EndProject
Project("{9A19103F-16F7-4668-BE54-9A1E7A4F7556}") = "Skywalker.Ddd.Application.Generators.Roslyn4.0", "gen\Skywalker.Ddd.Application.Generators.Roslyn4.0.csproj", "{9CAEC9C3-92C8-4856-91CD-0FFC0A33F399}"
EndProject
Project("{9A19103F-16F7-4668-BE54-9A1E7A4F7556}") = "Skywalker.Ddd.Application.Generators.Roslyn3.11", "gen\Skywalker.Ddd.Application.Generators.Roslyn3.11.csproj", "{AB29FF27-6848-40C9-88F2-96B25AA36E58}"
EndProject
Global
	GlobalSection(SolutionConfigurationPlatforms) = preSolution
		Debug|Any CPU = Debug|Any CPU
		Release|Any CPU = Release|Any CPU
	EndGlobalSection
	GlobalSection(ProjectConfigurationPlatforms) = postSolution
		{A23145A4-FDB7-44C3-8A92-819A1AB3AD6F}.Debug|Any CPU.ActiveCfg = Debug|Any CPU
		{A23145A4-FDB7-44C3-8A92-819A1AB3AD6F}.Debug|Any CPU.Build.0 = Debug|Any CPU
		{A23145A4-FDB7-44C3-8A92-819A1AB3AD6F}.Release|Any CPU.ActiveCfg = Release|Any CPU
		{A23145A4-FDB7-44C3-8A92-819A1AB3AD6F}.Release|Any CPU.Build.0 = Release|Any CPU
		{9CAEC9C3-92C8-4856-91CD-0FFC0A33F399}.Debug|Any CPU.ActiveCfg = Debug|Any CPU
		{9CAEC9C3-92C8-4856-91CD-0FFC0A33F399}.Debug|Any CPU.Build.0 = Debug|Any CPU
		{9CAEC9C3-92C8-4856-91CD-0FFC0A33F399}.Release|Any CPU.ActiveCfg = Release|Any CPU
		{9CAEC9C3-92C8-4856-91CD-0FFC0A33F399}.Release|Any CPU.Build.0 = Release|Any CPU
		{AB29FF27-6848-40C9-88F2-96B25AA36E58}.Debug|Any CPU.ActiveCfg = Debug|Any CPU
		{AB29FF27-6848-40C9-88F2-96B25AA36E58}.Debug|Any CPU.Build.0 = Debug|Any CPU
		{AB29FF27-6848-40C9-88F2-96B25AA36E58}.Release|Any CPU.ActiveCfg = Release|Any CPU
		{AB29FF27-6848-40C9-88F2-96B25AA36E58}.Release|Any CPU.Build.0 = Release|Any CPU
	EndGlobalSection
	GlobalSection(SolutionProperties) = preSolution
		HideSolutionNode = FALSE
	EndGlobalSection
	GlobalSection(NestedProjects) = preSolution
		{A23145A4-FDB7-44C3-8A92-819A1AB3AD6F} = {1ADE9375-588C-47A7-8A4F-2340C0275AC7}
		{9CAEC9C3-92C8-4856-91CD-0FFC0A33F399} = {1ADE9375-588C-47A7-8A4F-2340C0275AC7}
		{AB29FF27-6848-40C9-88F2-96B25AA36E58} = {1ADE9375-588C-47A7-8A4F-2340C0275AC7}
	EndGlobalSection
	GlobalSection(ExtensibilityGlobals) = postSolution
		SolutionGuid = {94A62B30-6342-4E6E-B07F-9A3D0A7366BB}
	EndGlobalSection
EndGlobal
