
Microsoft Visual Studio Solution File, Format Version 12.00
# Visual Studio Version 16
VisualStudioVersion = 16.0.30615.102
MinimumVisualStudioVersion = 10.0.40219.1
Project("{9A19103F-16F7-4668-BE54-9A1E7A4F7556}") = "Skywalker.Extensions.Json", "src\Skywalker.Extensions.Json\Skywalker.Extensions.Json.csproj", "{E898CC25-2D35-4644-B68E-63A4AFC125FF}"
EndProject
Project("{9A19103F-16F7-4668-BE54-9A1E7A4F7556}") = "Skywalker.Extensions.Threading", "src\Skywalker.Extensions.Threading\Skywalker.Extensions.Threading.csproj", "{4E00FC90-A4FB-42FE-B42F-545D13B1A9C4}"
EndProject
Project("{9A19103F-16F7-4668-BE54-9A1E7A4F7556}") = "Skywalker.Extensions.Timing", "src\Skywalker.Extensions.Timing\Skywalker.Extensions.Timing.csproj", "{55D29EFE-20F0-4D1A-ABDB-75342A970CAB}"
EndProject
Project("{FAE04EC0-301F-11D3-BF4B-00C04F79EFBC}") = "Skywalker.Extensions.ExceptionHandling", "src\Skywalker.Extensions.ExceptionHandling\Skywalker.Extensions.ExceptionHandling.csproj", "{1570FD9E-98BC-4F97-8774-DDC27C56A129}"
EndProject
Project("{FAE04EC0-301F-11D3-BF4B-00C04F79EFBC}") = "Skywalker.Extensions.Universal", "src\Skywalker.Extensions.Universal\Skywalker.Extensions.Universal.csproj", "{3FF4C702-5506-4E3A-8361-1753806A6FA7}"
EndProject
Project("{FAE04EC0-301F-11D3-BF4B-00C04F79EFBC}") = "Skywalker.Extensions.GuidGenerator", "src\Skywalker.Extensions.GuidGenerator\Skywalker.Extensions.GuidGenerator.csproj", "{1636FAC3-3D8C-48B3-9D12-B0BE6F8A218E}"
EndProject
Project("{2150E333-8FDC-42A3-9474-1A3956D46DE8}") = "src", "src", "{4FACE5EF-CA41-44F7-BA67-7641B57EF38D}"
EndProject
Global
	GlobalSection(SolutionConfigurationPlatforms) = preSolution
		Debug|Any CPU = Debug|Any CPU
		Release|Any CPU = Release|Any CPU
	EndGlobalSection
	GlobalSection(ProjectConfigurationPlatforms) = postSolution
		{E898CC25-2D35-4644-B68E-63A4AFC125FF}.Debug|Any CPU.ActiveCfg = Debug|Any CPU
		{E898CC25-2D35-4644-B68E-63A4AFC125FF}.Debug|Any CPU.Build.0 = Debug|Any CPU
		{E898CC25-2D35-4644-B68E-63A4AFC125FF}.Release|Any CPU.ActiveCfg = Release|Any CPU
		{E898CC25-2D35-4644-B68E-63A4AFC125FF}.Release|Any CPU.Build.0 = Release|Any CPU
		{4E00FC90-A4FB-42FE-B42F-545D13B1A9C4}.Debug|Any CPU.ActiveCfg = Debug|Any CPU
		{4E00FC90-A4FB-42FE-B42F-545D13B1A9C4}.Debug|Any CPU.Build.0 = Debug|Any CPU
		{4E00FC90-A4FB-42FE-B42F-545D13B1A9C4}.Release|Any CPU.ActiveCfg = Release|Any CPU
		{4E00FC90-A4FB-42FE-B42F-545D13B1A9C4}.Release|Any CPU.Build.0 = Release|Any CPU
		{55D29EFE-20F0-4D1A-ABDB-75342A970CAB}.Debug|Any CPU.ActiveCfg = Debug|Any CPU
		{55D29EFE-20F0-4D1A-ABDB-75342A970CAB}.Debug|Any CPU.Build.0 = Debug|Any CPU
		{55D29EFE-20F0-4D1A-ABDB-75342A970CAB}.Release|Any CPU.ActiveCfg = Release|Any CPU
		{55D29EFE-20F0-4D1A-ABDB-75342A970CAB}.Release|Any CPU.Build.0 = Release|Any CPU
		{1570FD9E-98BC-4F97-8774-DDC27C56A129}.Debug|Any CPU.ActiveCfg = Debug|Any CPU
		{1570FD9E-98BC-4F97-8774-DDC27C56A129}.Debug|Any CPU.Build.0 = Debug|Any CPU
		{1570FD9E-98BC-4F97-8774-DDC27C56A129}.Release|Any CPU.ActiveCfg = Release|Any CPU
		{1570FD9E-98BC-4F97-8774-DDC27C56A129}.Release|Any CPU.Build.0 = Release|Any CPU
		{3FF4C702-5506-4E3A-8361-1753806A6FA7}.Debug|Any CPU.ActiveCfg = Debug|Any CPU
		{3FF4C702-5506-4E3A-8361-1753806A6FA7}.Debug|Any CPU.Build.0 = Debug|Any CPU
		{3FF4C702-5506-4E3A-8361-1753806A6FA7}.Release|Any CPU.ActiveCfg = Release|Any CPU
		{3FF4C702-5506-4E3A-8361-1753806A6FA7}.Release|Any CPU.Build.0 = Release|Any CPU
		{1636FAC3-3D8C-48B3-9D12-B0BE6F8A218E}.Debug|Any CPU.ActiveCfg = Debug|Any CPU
		{1636FAC3-3D8C-48B3-9D12-B0BE6F8A218E}.Debug|Any CPU.Build.0 = Debug|Any CPU
		{1636FAC3-3D8C-48B3-9D12-B0BE6F8A218E}.Release|Any CPU.ActiveCfg = Release|Any CPU
		{1636FAC3-3D8C-48B3-9D12-B0BE6F8A218E}.Release|Any CPU.Build.0 = Release|Any CPU
	EndGlobalSection
	GlobalSection(SolutionProperties) = preSolution
		HideSolutionNode = FALSE
	EndGlobalSection
	GlobalSection(NestedProjects) = preSolution
		{E898CC25-2D35-4644-B68E-63A4AFC125FF} = {4FACE5EF-CA41-44F7-BA67-7641B57EF38D}
		{4E00FC90-A4FB-42FE-B42F-545D13B1A9C4} = {4FACE5EF-CA41-44F7-BA67-7641B57EF38D}
		{55D29EFE-20F0-4D1A-ABDB-75342A970CAB} = {4FACE5EF-CA41-44F7-BA67-7641B57EF38D}
		{1570FD9E-98BC-4F97-8774-DDC27C56A129} = {4FACE5EF-CA41-44F7-BA67-7641B57EF38D}
		{3FF4C702-5506-4E3A-8361-1753806A6FA7} = {4FACE5EF-CA41-44F7-BA67-7641B57EF38D}
		{1636FAC3-3D8C-48B3-9D12-B0BE6F8A218E} = {4FACE5EF-CA41-44F7-BA67-7641B57EF38D}
	EndGlobalSection
	GlobalSection(ExtensibilityGlobals) = postSolution
		SolutionGuid = {46577FAA-D576-4641-BD6C-D76D073D29BF}
	EndGlobalSection
EndGlobal
