
Microsoft Visual Studio Solution File, Format Version 12.00
# Visual Studio Version 16
VisualStudioVersion = 16.0.30615.102
MinimumVisualStudioVersion = 10.0.40219.1
Project("{9A19103F-16F7-4668-BE54-9A1E7A4F7556}") = "Skywalker.Caching.Abstractions", "src\Skywalker.Caching.Abstractions\Skywalker.Caching.Abstractions.csproj", "{826F1BB3-D797-4976-9DCB-5E8BFF76A725}"
EndProject
Project("{9A19103F-16F7-4668-BE54-9A1E7A4F7556}") = "Skywalker.Caching.Redis", "src\Skywalker.Caching.Redis\Skywalker.Caching.Redis.csproj", "{47FF2AA6-E736-4429-A9D0-AC145585A794}"
EndProject
Project("{2150E333-8FDC-42A3-9474-1A3956D46DE8}") = "src", "src", "{1783D258-AC7D-4798-BA9C-63F8637FA544}"
EndProject
Global
	GlobalSection(SolutionConfigurationPlatforms) = preSolution
		Debug|Any CPU = Debug|Any CPU
		Release|Any CPU = Release|Any CPU
	EndGlobalSection
	GlobalSection(ProjectConfigurationPlatforms) = postSolution
		{826F1BB3-D797-4976-9DCB-5E8BFF76A725}.Debug|Any CPU.ActiveCfg = Debug|Any CPU
		{826F1BB3-D797-4976-9DCB-5E8BFF76A725}.Debug|Any CPU.Build.0 = Debug|Any CPU
		{826F1BB3-D797-4976-9DCB-5E8BFF76A725}.Release|Any CPU.ActiveCfg = Release|Any CPU
		{826F1BB3-D797-4976-9DCB-5E8BFF76A725}.Release|Any CPU.Build.0 = Release|Any CPU
		{47FF2AA6-E736-4429-A9D0-AC145585A794}.Debug|Any CPU.ActiveCfg = Debug|Any CPU
		{47FF2AA6-E736-4429-A9D0-AC145585A794}.Debug|Any CPU.Build.0 = Debug|Any CPU
		{47FF2AA6-E736-4429-A9D0-AC145585A794}.Release|Any CPU.ActiveCfg = Release|Any CPU
		{47FF2AA6-E736-4429-A9D0-AC145585A794}.Release|Any CPU.Build.0 = Release|Any CPU
	EndGlobalSection
	GlobalSection(SolutionProperties) = preSolution
		HideSolutionNode = FALSE
	EndGlobalSection
	GlobalSection(NestedProjects) = preSolution
		{826F1BB3-D797-4976-9DCB-5E8BFF76A725} = {1783D258-AC7D-4798-BA9C-63F8637FA544}
		{47FF2AA6-E736-4429-A9D0-AC145585A794} = {1783D258-AC7D-4798-BA9C-63F8637FA544}
	EndGlobalSection
	GlobalSection(ExtensibilityGlobals) = postSolution
		SolutionGuid = {6CCDF12F-AE04-4285-9225-0A76A78E6132}
	EndGlobalSection
EndGlobal
