
Microsoft Visual Studio Solution File, Format Version 12.00
# Visual Studio Version 16
VisualStudioVersion = 16.0.30626.31
MinimumVisualStudioVersion = 10.0.40219.1
Project("{2150E333-8FDC-42A3-9474-1A3956D46DE8}") = "src", "src", "{CED1BE47-3F8F-46A6-809E-2F0F3D82057B}"
EndProject
Project("{9A19103F-16F7-4668-BE54-9A1E7A4F7556}") = "Skywalker.Security.Abstractions", "src\Skywalker.Security.Abstractions\Skywalker.Security.Abstractions.csproj", "{9A73BEAF-8551-48EC-91F6-91AF78D674BC}"
EndProject
Project("{9A19103F-16F7-4668-BE54-9A1E7A4F7556}") = "Skywalker.Security", "src\Skywalker.Security\Skywalker.Security.csproj", "{E4EF5D27-9A24-4296-AC28-A1220229FD35}"
EndProject
Project("{9A19103F-16F7-4668-BE54-9A1E7A4F7556}") = "Skywalker.AspNetCore.Security.Abstractions", "src\Skywalker.AspNetCore.Security.Abstractions\Skywalker.AspNetCore.Security.Abstractions.csproj", "{0AB81934-C35C-4405-8111-D3783A0A9FF3}"
EndProject
Project("{9A19103F-16F7-4668-BE54-9A1E7A4F7556}") = "Skywalker.AspNetCore.Security", "src\Skywalker.AspNetCore.Security\Skywalker.AspNetCore.Security.csproj", "{20EA4CCD-0DDA-4A0F-87AA-C094CC708DD1}"
EndProject
Project("{9A19103F-16F7-4668-BE54-9A1E7A4F7556}") = "Skywalker.AspNetCore.Authentication.Abstractions", "src\Skywalker.AspNetCore.Authentication.Abstractions\Skywalker.AspNetCore.Authentication.Abstractions.csproj", "{387D6B83-1DDC-4809-B56A-FA179C2C8C9A}"
EndProject
Project("{9A19103F-16F7-4668-BE54-9A1E7A4F7556}") = "Skywalker.AspNetCore.Authentication", "src\Skywalker.AspNetCore.Authentication\Skywalker.AspNetCore.Authentication.csproj", "{4D05D3D8-886B-41B3-A8C9-4CECBBB8728C}"
EndProject
Project("{9A19103F-16F7-4668-BE54-9A1E7A4F7556}") = "Skywalker.AspNetCore.Authentication.WebApi", "src\Skywalker.AspNetCore.Authentication.WebApi\Skywalker.AspNetCore.Authentication.WebApi.csproj", "{CD763566-94B8-4666-9FDE-88CC197CB79F}"
EndProject
Project("{9A19103F-16F7-4668-BE54-9A1E7A4F7556}") = "Skywalker.AspNetCore.Authentication.Weixin", "src\Skywalker.AspNetCore.Authentication.Weixin\Skywalker.AspNetCore.Authentication.Weixin.csproj", "{6805BB30-3E58-411A-BD47-1CA0457C3F5B}"
EndProject
Global
	GlobalSection(SolutionConfigurationPlatforms) = preSolution
		Debug|Any CPU = Debug|Any CPU
		Release|Any CPU = Release|Any CPU
	EndGlobalSection
	GlobalSection(ProjectConfigurationPlatforms) = postSolution
		{9A73BEAF-8551-48EC-91F6-91AF78D674BC}.Debug|Any CPU.ActiveCfg = Debug|Any CPU
		{9A73BEAF-8551-48EC-91F6-91AF78D674BC}.Debug|Any CPU.Build.0 = Debug|Any CPU
		{9A73BEAF-8551-48EC-91F6-91AF78D674BC}.Release|Any CPU.ActiveCfg = Release|Any CPU
		{9A73BEAF-8551-48EC-91F6-91AF78D674BC}.Release|Any CPU.Build.0 = Release|Any CPU
		{E4EF5D27-9A24-4296-AC28-A1220229FD35}.Debug|Any CPU.ActiveCfg = Debug|Any CPU
		{E4EF5D27-9A24-4296-AC28-A1220229FD35}.Debug|Any CPU.Build.0 = Debug|Any CPU
		{E4EF5D27-9A24-4296-AC28-A1220229FD35}.Release|Any CPU.ActiveCfg = Release|Any CPU
		{E4EF5D27-9A24-4296-AC28-A1220229FD35}.Release|Any CPU.Build.0 = Release|Any CPU
		{0AB81934-C35C-4405-8111-D3783A0A9FF3}.Debug|Any CPU.ActiveCfg = Debug|Any CPU
		{0AB81934-C35C-4405-8111-D3783A0A9FF3}.Debug|Any CPU.Build.0 = Debug|Any CPU
		{0AB81934-C35C-4405-8111-D3783A0A9FF3}.Release|Any CPU.ActiveCfg = Release|Any CPU
		{0AB81934-C35C-4405-8111-D3783A0A9FF3}.Release|Any CPU.Build.0 = Release|Any CPU
		{20EA4CCD-0DDA-4A0F-87AA-C094CC708DD1}.Debug|Any CPU.ActiveCfg = Debug|Any CPU
		{20EA4CCD-0DDA-4A0F-87AA-C094CC708DD1}.Debug|Any CPU.Build.0 = Debug|Any CPU
		{20EA4CCD-0DDA-4A0F-87AA-C094CC708DD1}.Release|Any CPU.ActiveCfg = Release|Any CPU
		{20EA4CCD-0DDA-4A0F-87AA-C094CC708DD1}.Release|Any CPU.Build.0 = Release|Any CPU
		{387D6B83-1DDC-4809-B56A-FA179C2C8C9A}.Debug|Any CPU.ActiveCfg = Debug|Any CPU
		{387D6B83-1DDC-4809-B56A-FA179C2C8C9A}.Debug|Any CPU.Build.0 = Debug|Any CPU
		{387D6B83-1DDC-4809-B56A-FA179C2C8C9A}.Release|Any CPU.ActiveCfg = Release|Any CPU
		{387D6B83-1DDC-4809-B56A-FA179C2C8C9A}.Release|Any CPU.Build.0 = Release|Any CPU
		{4D05D3D8-886B-41B3-A8C9-4CECBBB8728C}.Debug|Any CPU.ActiveCfg = Debug|Any CPU
		{4D05D3D8-886B-41B3-A8C9-4CECBBB8728C}.Debug|Any CPU.Build.0 = Debug|Any CPU
		{4D05D3D8-886B-41B3-A8C9-4CECBBB8728C}.Release|Any CPU.ActiveCfg = Release|Any CPU
		{4D05D3D8-886B-41B3-A8C9-4CECBBB8728C}.Release|Any CPU.Build.0 = Release|Any CPU
		{CD763566-94B8-4666-9FDE-88CC197CB79F}.Debug|Any CPU.ActiveCfg = Debug|Any CPU
		{CD763566-94B8-4666-9FDE-88CC197CB79F}.Debug|Any CPU.Build.0 = Debug|Any CPU
		{CD763566-94B8-4666-9FDE-88CC197CB79F}.Release|Any CPU.ActiveCfg = Release|Any CPU
		{CD763566-94B8-4666-9FDE-88CC197CB79F}.Release|Any CPU.Build.0 = Release|Any CPU
		{6805BB30-3E58-411A-BD47-1CA0457C3F5B}.Debug|Any CPU.ActiveCfg = Debug|Any CPU
		{6805BB30-3E58-411A-BD47-1CA0457C3F5B}.Debug|Any CPU.Build.0 = Debug|Any CPU
		{6805BB30-3E58-411A-BD47-1CA0457C3F5B}.Release|Any CPU.ActiveCfg = Release|Any CPU
		{6805BB30-3E58-411A-BD47-1CA0457C3F5B}.Release|Any CPU.Build.0 = Release|Any CPU
	EndGlobalSection
	GlobalSection(SolutionProperties) = preSolution
		HideSolutionNode = FALSE
	EndGlobalSection
	GlobalSection(NestedProjects) = preSolution
		{9A73BEAF-8551-48EC-91F6-91AF78D674BC} = {CED1BE47-3F8F-46A6-809E-2F0F3D82057B}
		{E4EF5D27-9A24-4296-AC28-A1220229FD35} = {CED1BE47-3F8F-46A6-809E-2F0F3D82057B}
		{0AB81934-C35C-4405-8111-D3783A0A9FF3} = {CED1BE47-3F8F-46A6-809E-2F0F3D82057B}
		{20EA4CCD-0DDA-4A0F-87AA-C094CC708DD1} = {CED1BE47-3F8F-46A6-809E-2F0F3D82057B}
		{387D6B83-1DDC-4809-B56A-FA179C2C8C9A} = {CED1BE47-3F8F-46A6-809E-2F0F3D82057B}
		{4D05D3D8-886B-41B3-A8C9-4CECBBB8728C} = {CED1BE47-3F8F-46A6-809E-2F0F3D82057B}
		{CD763566-94B8-4666-9FDE-88CC197CB79F} = {CED1BE47-3F8F-46A6-809E-2F0F3D82057B}
		{6805BB30-3E58-411A-BD47-1CA0457C3F5B} = {CED1BE47-3F8F-46A6-809E-2F0F3D82057B}
	EndGlobalSection
	GlobalSection(ExtensibilityGlobals) = postSolution
		SolutionGuid = {5146B914-D5DF-4972-880B-BA1C9AE0F90B}
	EndGlobalSection
EndGlobal
