
Microsoft Visual Studio Solution File, Format Version 12.00
# Visual Studio Version 17
VisualStudioVersion = 17.0.32014.148
MinimumVisualStudioVersion = 10.0.40219.1
Project("{2150E333-8FDC-42A3-9474-1A3956D46DE8}") = "src", "src", "{0E84F6B9-F6B7-4412-B021-770DF67A11CA}"
EndProject
Project("{9A19103F-16F7-4668-BE54-9A1E7A4F7556}") = "Skywalker.Ddd.UnitOfWork", "src\Skywalker.Ddd.UnitOfWork.csproj", "{AFB893DE-B5B0-4A23-B712-9C1B1B1CE18B}"
EndProject
Project("{9A19103F-16F7-4668-BE54-9A1E7A4F7556}") = "Skywalker.Ddd.UnitOfWork.Abstractions", "..\Skywalker.Ddd.UnitOfWork.Abstractions\src\Skywalker.Ddd.UnitOfWork.Abstractions.csproj", "{C2CF432C-B35D-44B0-88E2-A2253C78AD23}"
EndProject
Project("{9A19103F-16F7-4668-BE54-9A1E7A4F7556}") = "Skywalker.Ddd.EntityFrameworkCore", "..\Skywalker.Ddd.EntityFrameworkCore\src\Skywalker.Ddd.EntityFrameworkCore.csproj", "{40B785AF-1C72-4009-AF02-8F2472A62E9A}"
EndProject
Project("{9A19103F-16F7-4668-BE54-9A1E7A4F7556}") = "Skywalker.Ddd.Application.Abstractions", "..\Skywalker.Ddd.Application.Abstractions\src\Skywalker.Ddd.Application.Abstractions.csproj", "{39502B9C-0C82-4B0C-8485-A6A2CC6886BC}"
EndProject
Global
	GlobalSection(SolutionConfigurationPlatforms) = preSolution
		Debug|Any CPU = Debug|Any CPU
		Release|Any CPU = Release|Any CPU
	EndGlobalSection
	GlobalSection(ProjectConfigurationPlatforms) = postSolution
		{AFB893DE-B5B0-4A23-B712-9C1B1B1CE18B}.Debug|Any CPU.ActiveCfg = Debug|Any CPU
		{AFB893DE-B5B0-4A23-B712-9C1B1B1CE18B}.Debug|Any CPU.Build.0 = Debug|Any CPU
		{AFB893DE-B5B0-4A23-B712-9C1B1B1CE18B}.Release|Any CPU.ActiveCfg = Release|Any CPU
		{AFB893DE-B5B0-4A23-B712-9C1B1B1CE18B}.Release|Any CPU.Build.0 = Release|Any CPU
		{C2CF432C-B35D-44B0-88E2-A2253C78AD23}.Debug|Any CPU.ActiveCfg = Debug|Any CPU
		{C2CF432C-B35D-44B0-88E2-A2253C78AD23}.Debug|Any CPU.Build.0 = Debug|Any CPU
		{C2CF432C-B35D-44B0-88E2-A2253C78AD23}.Release|Any CPU.ActiveCfg = Release|Any CPU
		{C2CF432C-B35D-44B0-88E2-A2253C78AD23}.Release|Any CPU.Build.0 = Release|Any CPU
		{40B785AF-1C72-4009-AF02-8F2472A62E9A}.Debug|Any CPU.ActiveCfg = Debug|Any CPU
		{40B785AF-1C72-4009-AF02-8F2472A62E9A}.Debug|Any CPU.Build.0 = Debug|Any CPU
		{40B785AF-1C72-4009-AF02-8F2472A62E9A}.Release|Any CPU.ActiveCfg = Release|Any CPU
		{40B785AF-1C72-4009-AF02-8F2472A62E9A}.Release|Any CPU.Build.0 = Release|Any CPU
		{39502B9C-0C82-4B0C-8485-A6A2CC6886BC}.Debug|Any CPU.ActiveCfg = Debug|Any CPU
		{39502B9C-0C82-4B0C-8485-A6A2CC6886BC}.Debug|Any CPU.Build.0 = Debug|Any CPU
		{39502B9C-0C82-4B0C-8485-A6A2CC6886BC}.Release|Any CPU.ActiveCfg = Release|Any CPU
		{39502B9C-0C82-4B0C-8485-A6A2CC6886BC}.Release|Any CPU.Build.0 = Release|Any CPU
	EndGlobalSection
	GlobalSection(SolutionProperties) = preSolution
		HideSolutionNode = FALSE
	EndGlobalSection
	GlobalSection(NestedProjects) = preSolution
		{AFB893DE-B5B0-4A23-B712-9C1B1B1CE18B} = {0E84F6B9-F6B7-4412-B021-770DF67A11CA}
		{C2CF432C-B35D-44B0-88E2-A2253C78AD23} = {0E84F6B9-F6B7-4412-B021-770DF67A11CA}
		{40B785AF-1C72-4009-AF02-8F2472A62E9A} = {0E84F6B9-F6B7-4412-B021-770DF67A11CA}
		{39502B9C-0C82-4B0C-8485-A6A2CC6886BC} = {0E84F6B9-F6B7-4412-B021-770DF67A11CA}
	EndGlobalSection
	GlobalSection(ExtensibilityGlobals) = postSolution
		SolutionGuid = {2D2AB997-671F-494A-9C68-FCDA728BEA76}
	EndGlobalSection
EndGlobal
