
Microsoft Visual Studio Solution File, Format Version 12.00
# Visual Studio Version 16
VisualStudioVersion = 16.0.30114.105
MinimumVisualStudioVersion = 10.0.40219.1
Project("{2150E333-8FDC-42A3-9474-1A3956D46DE8}") = "src", "src", "{574BC2A8-1F63-4FB8-9EDD-E277197CC033}"
EndProject
Project("{FAE04EC0-301F-11D3-BF4B-00C04F79EFBC}") = "Skywalker.Caching.Abstractions", "src\Skywalker.Caching.Abstractions.csproj", "{C2D2EEF5-3B71-433B-9D5A-9132A059E031}"
EndProject
Global
	GlobalSection(SolutionConfigurationPlatforms) = preSolution
		Debug|Any CPU = Debug|Any CPU
		Release|Any CPU = Release|Any CPU
	EndGlobalSection
	GlobalSection(SolutionProperties) = preSolution
		HideSolutionNode = FALSE
	EndGlobalSection
	GlobalSection(ProjectConfigurationPlatforms) = postSolution
		{C2D2EEF5-3B71-433B-9D5A-9132A059E031}.Debug|Any CPU.ActiveCfg = Debug|Any CPU
		{C2D2EEF5-3B71-433B-9D5A-9132A059E031}.Debug|Any CPU.Build.0 = Debug|Any CPU
		{C2D2EEF5-3B71-433B-9D5A-9132A059E031}.Release|Any CPU.ActiveCfg = Release|Any CPU
		{C2D2EEF5-3B71-433B-9D5A-9132A059E031}.Release|Any CPU.Build.0 = Release|Any CPU
	EndGlobalSection
	GlobalSection(NestedProjects) = preSolution
		{C2D2EEF5-3B71-433B-9D5A-9132A059E031} = {574BC2A8-1F63-4FB8-9EDD-E277197CC033}
	EndGlobalSection
EndGlobal
