
Microsoft Visual Studio Solution File, Format Version 12.00
# Visual Studio Version 17
VisualStudioVersion = 17.0.31919.166
MinimumVisualStudioVersion = 10.0.40219.1
Project("{9A19103F-16F7-4668-BE54-9A1E7A4F7556}") = "Skywalker.Extensions.Threading", "src\Skywalker.Extensions.Threading.csproj", "{3A0D259A-D6C7-49B8-9627-E37352B43E91}"
EndProject
Project("{9A19103F-16F7-4668-BE54-9A1E7A4F7556}") = "Skywalker.Extensions.Universal", "..\Skywalker.Extensions.Universal\src\Skywalker.Extensions.Universal.csproj", "{FDE09C82-39D1-4229-910F-032B5C6D7F07}"
EndProject
Global
	GlobalSection(SolutionConfigurationPlatforms) = preSolution
		Debug|Any CPU = Debug|Any CPU
		Release|Any CPU = Release|Any CPU
	EndGlobalSection
	GlobalSection(ProjectConfigurationPlatforms) = postSolution
		{3A0D259A-D6C7-49B8-9627-E37352B43E91}.Debug|Any CPU.ActiveCfg = Debug|Any CPU
		{3A0D259A-D6C7-49B8-9627-E37352B43E91}.Debug|Any CPU.Build.0 = Debug|Any CPU
		{3A0D259A-D6C7-49B8-9627-E37352B43E91}.Release|Any CPU.ActiveCfg = Release|Any CPU
		{3A0D259A-D6C7-49B8-9627-E37352B43E91}.Release|Any CPU.Build.0 = Release|Any CPU
		{FDE09C82-39D1-4229-910F-032B5C6D7F07}.Debug|Any CPU.ActiveCfg = Debug|Any CPU
		{FDE09C82-39D1-4229-910F-032B5C6D7F07}.Debug|Any CPU.Build.0 = Debug|Any CPU
		{FDE09C82-39D1-4229-910F-032B5C6D7F07}.Release|Any CPU.ActiveCfg = Release|Any CPU
		{FDE09C82-39D1-4229-910F-032B5C6D7F07}.Release|Any CPU.Build.0 = Release|Any CPU
	EndGlobalSection
	GlobalSection(SolutionProperties) = preSolution
		HideSolutionNode = FALSE
	EndGlobalSection
	GlobalSection(ExtensibilityGlobals) = postSolution
		SolutionGuid = {8EEC99E5-DCF2-45B4-BF90-5BC35A833394}
	EndGlobalSection
EndGlobal
